
Microsoft Visual Studio Solution File, Format Version 12.00
Project("{FAE04EC0-301F-11D3-BF4B-00C04F79EFBC}") = "WebApp", "WebApp\WebApp.csproj", "{0ACD22A7-EFE1-45C9-BFC7-BD88214116BA}"
EndProject
Project("{FAE04EC0-301F-11D3-BF4B-00C04F79EFBC}") = "App.Domain", "App.Domain\App.Domain.csproj", "{81D79216-B9D7-4737-A8FD-AA57883CEF45}"
EndProject
Project("{FAE04EC0-301F-11D3-BF4B-00C04F79EFBC}") = "App.DAL.EF", "App.DAL.EF\App.DAL.EF.csproj", "{73FD5A70-8F75-48B4-AB78-179180E41A2F}"
EndProject
Project("{2150E333-8FDC-42A3-9474-1A3956D46DE8}") = "APP", "APP", "{2BF63537-B878-43FD-9C1B-A54D494C9E00}"
EndProject
Project("{2150E333-8FDC-42A3-9474-1A3956D46DE8}") = "BASE", "BASE", "{2FB88DA0-DF06-49A2-8316-4C1A3CEC348D}"
EndProject
Project("{FAE04EC0-301F-11D3-BF4B-00C04F79EFBC}") = "Base.Domain", "Base.Domain\Base.Domain.csproj", "{E4C24C14-B10B-4C18-A043-09AB4946EC9B}"
EndProject
Project("{2150E333-8FDC-42A3-9474-1A3956D46DE8}") = "!Solution Items", "!Solution Items", "{DF50D394-663F-4AAD-AE1B-A6A8AE261CBD}"
	ProjectSection(SolutionItems) = preProject
		README.md = README.md
		Directory.Build.props = Directory.Build.props
		Dockerfile = Dockerfile
		.dockerignore = .dockerignore
	EndProjectSection
EndProject
Project("{FAE04EC0-301F-11D3-BF4B-00C04F79EFBC}") = "Base.Resources", "Base.Resources\Base.Resources.csproj", "{41FFFCE3-2388-46E5-9A11-0C878A30250F}"
EndProject
Project("{FAE04EC0-301F-11D3-BF4B-00C04F79EFBC}") = "App.Resources", "App.Resources\App.Resources.csproj", "{1EF3DC7E-B404-46B3-834B-C70831960D0C}"
EndProject
Project("{FAE04EC0-301F-11D3-BF4B-00C04F79EFBC}") = "Base.DAL.Contracts", "Base.DAL.Contracts\Base.DAL.Contracts.csproj", "{18D6955F-AF43-45C0-9F1D-6F2C808A142D}"
EndProject
Project("{FAE04EC0-301F-11D3-BF4B-00C04F79EFBC}") = "Base.DAL.EF", "Base.DAL.EF\Base.DAL.EF.csproj", "{881290AC-C07D-4A56-8DAF-B70D261E9400}"
EndProject
Project("{FAE04EC0-301F-11D3-BF4B-00C04F79EFBC}") = "Base.Contracts", "Base.Contracts\Base.Contracts.csproj", "{B8A7A287-6102-4A92-A949-AB9F23679461}"
EndProject
Project("{FAE04EC0-301F-11D3-BF4B-00C04F79EFBC}") = "App.DAL.Contracts", "App.DAL.Contracts\App.DAL.Contracts.csproj", "{76062C81-4F5A-4E46-9974-195D154D9691}"
EndProject
Project("{FAE04EC0-301F-11D3-BF4B-00C04F79EFBC}") = "Base.Helpers", "Base.Helpers\Base.Helpers.csproj", "{A3A8ACE1-ED02-4772-9794-B97183A2E619}"
EndProject
Project("{FAE04EC0-301F-11D3-BF4B-00C04F79EFBC}") = "App.DTO", "App.DTO\App.DTO.csproj", "{63CE3288-3293-4248-89E7-4884074501C7}"
EndProject
Project("{FAE04EC0-301F-11D3-BF4B-00C04F79EFBC}") = "App.DAL.DTO", "App.DAL.DTO\App.DAL.DTO.csproj", "{DF443EA8-5D30-4B4C-A324-DCD3465E9BDC}"
EndProject
Project("{FAE04EC0-301F-11D3-BF4B-00C04F79EFBC}") = "Base.BLL", "Base.BLL\Base.BLL.csproj", "{1290F3A4-6BA9-476A-88FC-085B8AF66E33}"
EndProject
Project("{FAE04EC0-301F-11D3-BF4B-00C04F79EFBC}") = "Base.BLL.Contracts", "Base.BLL.Contracts\Base.BLL.Contracts.csproj", "{9C3F4923-6228-4581-9E57-30D783530D97}"
EndProject
Project("{FAE04EC0-301F-11D3-BF4B-00C04F79EFBC}") = "App.BLL", "App.BLL\App.BLL.csproj", "{60A7E7AE-4930-4269-BD24-2D866A478772}"
EndProject
Project("{FAE04EC0-301F-11D3-BF4B-00C04F79EFBC}") = "App.BLL.Contracts", "App.BLL.Contracts\App.BLL.Contracts.csproj", "{F2A3F113-1963-48CB-B30E-757C87B77EFA}"
EndProject
Project("{FAE04EC0-301F-11D3-BF4B-00C04F79EFBC}") = "App.BLL.DTO", "App.BLL.DTO\App.BLL.DTO.csproj", "{5B0D2DB3-20FD-4A01-83B8-82FA2BF918EF}"
EndProject
Project("{FAE04EC0-301F-11D3-BF4B-00C04F79EFBC}") = "App.Tests", "App.Tests\App.Tests.csproj", "{F86F4EF6-08E9-4B28-ADD1-78B81C5ED0FA}"
EndProject
Global
	GlobalSection(SolutionConfigurationPlatforms) = preSolution
		Debug|Any CPU = Debug|Any CPU
		Release|Any CPU = Release|Any CPU
	EndGlobalSection
	GlobalSection(ProjectConfigurationPlatforms) = postSolution
		{0ACD22A7-EFE1-45C9-BFC7-BD88214116BA}.Debug|Any CPU.ActiveCfg = Debug|Any CPU
		{0ACD22A7-EFE1-45C9-BFC7-BD88214116BA}.Debug|Any CPU.Build.0 = Debug|Any CPU
		{0ACD22A7-EFE1-45C9-BFC7-BD88214116BA}.Release|Any CPU.ActiveCfg = Release|Any CPU
		{0ACD22A7-EFE1-45C9-BFC7-BD88214116BA}.Release|Any CPU.Build.0 = Release|Any CPU
		{81D79216-B9D7-4737-A8FD-AA57883CEF45}.Debug|Any CPU.ActiveCfg = Debug|Any CPU
		{81D79216-B9D7-4737-A8FD-AA57883CEF45}.Debug|Any CPU.Build.0 = Debug|Any CPU
		{81D79216-B9D7-4737-A8FD-AA57883CEF45}.Release|Any CPU.ActiveCfg = Release|Any CPU
		{81D79216-B9D7-4737-A8FD-AA57883CEF45}.Release|Any CPU.Build.0 = Release|Any CPU
		{73FD5A70-8F75-48B4-AB78-179180E41A2F}.Debug|Any CPU.ActiveCfg = Debug|Any CPU
		{73FD5A70-8F75-48B4-AB78-179180E41A2F}.Debug|Any CPU.Build.0 = Debug|Any CPU
		{73FD5A70-8F75-48B4-AB78-179180E41A2F}.Release|Any CPU.ActiveCfg = Release|Any CPU
		{73FD5A70-8F75-48B4-AB78-179180E41A2F}.Release|Any CPU.Build.0 = Release|Any CPU
		{E4C24C14-B10B-4C18-A043-09AB4946EC9B}.Debug|Any CPU.ActiveCfg = Debug|Any CPU
		{E4C24C14-B10B-4C18-A043-09AB4946EC9B}.Debug|Any CPU.Build.0 = Debug|Any CPU
		{E4C24C14-B10B-4C18-A043-09AB4946EC9B}.Release|Any CPU.ActiveCfg = Release|Any CPU
		{E4C24C14-B10B-4C18-A043-09AB4946EC9B}.Release|Any CPU.Build.0 = Release|Any CPU
		{41FFFCE3-2388-46E5-9A11-0C878A30250F}.Debug|Any CPU.ActiveCfg = Debug|Any CPU
		{41FFFCE3-2388-46E5-9A11-0C878A30250F}.Debug|Any CPU.Build.0 = Debug|Any CPU
		{41FFFCE3-2388-46E5-9A11-0C878A30250F}.Release|Any CPU.ActiveCfg = Release|Any CPU
		{41FFFCE3-2388-46E5-9A11-0C878A30250F}.Release|Any CPU.Build.0 = Release|Any CPU
		{1EF3DC7E-B404-46B3-834B-C70831960D0C}.Debug|Any CPU.ActiveCfg = Debug|Any CPU
		{1EF3DC7E-B404-46B3-834B-C70831960D0C}.Debug|Any CPU.Build.0 = Debug|Any CPU
		{1EF3DC7E-B404-46B3-834B-C70831960D0C}.Release|Any CPU.ActiveCfg = Release|Any CPU
		{1EF3DC7E-B404-46B3-834B-C70831960D0C}.Release|Any CPU.Build.0 = Release|Any CPU
		{18D6955F-AF43-45C0-9F1D-6F2C808A142D}.Debug|Any CPU.ActiveCfg = Debug|Any CPU
		{18D6955F-AF43-45C0-9F1D-6F2C808A142D}.Debug|Any CPU.Build.0 = Debug|Any CPU
		{18D6955F-AF43-45C0-9F1D-6F2C808A142D}.Release|Any CPU.ActiveCfg = Release|Any CPU
		{18D6955F-AF43-45C0-9F1D-6F2C808A142D}.Release|Any CPU.Build.0 = Release|Any CPU
		{881290AC-C07D-4A56-8DAF-B70D261E9400}.Debug|Any CPU.ActiveCfg = Debug|Any CPU
		{881290AC-C07D-4A56-8DAF-B70D261E9400}.Debug|Any CPU.Build.0 = Debug|Any CPU
		{881290AC-C07D-4A56-8DAF-B70D261E9400}.Release|Any CPU.ActiveCfg = Release|Any CPU
		{881290AC-C07D-4A56-8DAF-B70D261E9400}.Release|Any CPU.Build.0 = Release|Any CPU
		{B8A7A287-6102-4A92-A949-AB9F23679461}.Debug|Any CPU.ActiveCfg = Debug|Any CPU
		{B8A7A287-6102-4A92-A949-AB9F23679461}.Debug|Any CPU.Build.0 = Debug|Any CPU
		{B8A7A287-6102-4A92-A949-AB9F23679461}.Release|Any CPU.ActiveCfg = Release|Any CPU
		{B8A7A287-6102-4A92-A949-AB9F23679461}.Release|Any CPU.Build.0 = Release|Any CPU
		{76062C81-4F5A-4E46-9974-195D154D9691}.Debug|Any CPU.ActiveCfg = Debug|Any CPU
		{76062C81-4F5A-4E46-9974-195D154D9691}.Debug|Any CPU.Build.0 = Debug|Any CPU
		{76062C81-4F5A-4E46-9974-195D154D9691}.Release|Any CPU.ActiveCfg = Release|Any CPU
		{76062C81-4F5A-4E46-9974-195D154D9691}.Release|Any CPU.Build.0 = Release|Any CPU
		{A3A8ACE1-ED02-4772-9794-B97183A2E619}.Debug|Any CPU.ActiveCfg = Debug|Any CPU
		{A3A8ACE1-ED02-4772-9794-B97183A2E619}.Debug|Any CPU.Build.0 = Debug|Any CPU
		{A3A8ACE1-ED02-4772-9794-B97183A2E619}.Release|Any CPU.ActiveCfg = Release|Any CPU
		{A3A8ACE1-ED02-4772-9794-B97183A2E619}.Release|Any CPU.Build.0 = Release|Any CPU
		{63CE3288-3293-4248-89E7-4884074501C7}.Debug|Any CPU.ActiveCfg = Debug|Any CPU
		{63CE3288-3293-4248-89E7-4884074501C7}.Debug|Any CPU.Build.0 = Debug|Any CPU
		{63CE3288-3293-4248-89E7-4884074501C7}.Release|Any CPU.ActiveCfg = Release|Any CPU
		{63CE3288-3293-4248-89E7-4884074501C7}.Release|Any CPU.Build.0 = Release|Any CPU
		{DF443EA8-5D30-4B4C-A324-DCD3465E9BDC}.Debug|Any CPU.ActiveCfg = Debug|Any CPU
		{DF443EA8-5D30-4B4C-A324-DCD3465E9BDC}.Debug|Any CPU.Build.0 = Debug|Any CPU
		{DF443EA8-5D30-4B4C-A324-DCD3465E9BDC}.Release|Any CPU.ActiveCfg = Release|Any CPU
		{DF443EA8-5D30-4B4C-A324-DCD3465E9BDC}.Release|Any CPU.Build.0 = Release|Any CPU
		{1290F3A4-6BA9-476A-88FC-085B8AF66E33}.Debug|Any CPU.ActiveCfg = Debug|Any CPU
		{1290F3A4-6BA9-476A-88FC-085B8AF66E33}.Debug|Any CPU.Build.0 = Debug|Any CPU
		{1290F3A4-6BA9-476A-88FC-085B8AF66E33}.Release|Any CPU.ActiveCfg = Release|Any CPU
		{1290F3A4-6BA9-476A-88FC-085B8AF66E33}.Release|Any CPU.Build.0 = Release|Any CPU
		{9C3F4923-6228-4581-9E57-30D783530D97}.Debug|Any CPU.ActiveCfg = Debug|Any CPU
		{9C3F4923-6228-4581-9E57-30D783530D97}.Debug|Any CPU.Build.0 = Debug|Any CPU
		{9C3F4923-6228-4581-9E57-30D783530D97}.Release|Any CPU.ActiveCfg = Release|Any CPU
		{9C3F4923-6228-4581-9E57-30D783530D97}.Release|Any CPU.Build.0 = Release|Any CPU
		{60A7E7AE-4930-4269-BD24-2D866A478772}.Debug|Any CPU.ActiveCfg = Debug|Any CPU
		{60A7E7AE-4930-4269-BD24-2D866A478772}.Debug|Any CPU.Build.0 = Debug|Any CPU
		{60A7E7AE-4930-4269-BD24-2D866A478772}.Release|Any CPU.ActiveCfg = Release|Any CPU
		{60A7E7AE-4930-4269-BD24-2D866A478772}.Release|Any CPU.Build.0 = Release|Any CPU
		{F2A3F113-1963-48CB-B30E-757C87B77EFA}.Debug|Any CPU.ActiveCfg = Debug|Any CPU
		{F2A3F113-1963-48CB-B30E-757C87B77EFA}.Debug|Any CPU.Build.0 = Debug|Any CPU
		{F2A3F113-1963-48CB-B30E-757C87B77EFA}.Release|Any CPU.ActiveCfg = Release|Any CPU
		{F2A3F113-1963-48CB-B30E-757C87B77EFA}.Release|Any CPU.Build.0 = Release|Any CPU
		{5B0D2DB3-20FD-4A01-83B8-82FA2BF918EF}.Debug|Any CPU.ActiveCfg = Debug|Any CPU
		{5B0D2DB3-20FD-4A01-83B8-82FA2BF918EF}.Debug|Any CPU.Build.0 = Debug|Any CPU
		{5B0D2DB3-20FD-4A01-83B8-82FA2BF918EF}.Release|Any CPU.ActiveCfg = Release|Any CPU
		{5B0D2DB3-20FD-4A01-83B8-82FA2BF918EF}.Release|Any CPU.Build.0 = Release|Any CPU
		{F86F4EF6-08E9-4B28-ADD1-78B81C5ED0FA}.Debug|Any CPU.ActiveCfg = Debug|Any CPU
		{F86F4EF6-08E9-4B28-ADD1-78B81C5ED0FA}.Debug|Any CPU.Build.0 = Debug|Any CPU
		{F86F4EF6-08E9-4B28-ADD1-78B81C5ED0FA}.Release|Any CPU.ActiveCfg = Release|Any CPU
		{F86F4EF6-08E9-4B28-ADD1-78B81C5ED0FA}.Release|Any CPU.Build.0 = Release|Any CPU
	EndGlobalSection
	GlobalSection(NestedProjects) = preSolution
		{E4C24C14-B10B-4C18-A043-09AB4946EC9B} = {2FB88DA0-DF06-49A2-8316-4C1A3CEC348D}
		{73FD5A70-8F75-48B4-AB78-179180E41A2F} = {2BF63537-B878-43FD-9C1B-A54D494C9E00}
		{81D79216-B9D7-4737-A8FD-AA57883CEF45} = {2BF63537-B878-43FD-9C1B-A54D494C9E00}
		{0ACD22A7-EFE1-45C9-BFC7-BD88214116BA} = {2BF63537-B878-43FD-9C1B-A54D494C9E00}
		{41FFFCE3-2388-46E5-9A11-0C878A30250F} = {2FB88DA0-DF06-49A2-8316-4C1A3CEC348D}
		{1EF3DC7E-B404-46B3-834B-C70831960D0C} = {2BF63537-B878-43FD-9C1B-A54D494C9E00}
		{18D6955F-AF43-45C0-9F1D-6F2C808A142D} = {2FB88DA0-DF06-49A2-8316-4C1A3CEC348D}
		{881290AC-C07D-4A56-8DAF-B70D261E9400} = {2FB88DA0-DF06-49A2-8316-4C1A3CEC348D}
		{B8A7A287-6102-4A92-A949-AB9F23679461} = {2FB88DA0-DF06-49A2-8316-4C1A3CEC348D}
		{76062C81-4F5A-4E46-9974-195D154D9691} = {2BF63537-B878-43FD-9C1B-A54D494C9E00}
		{A3A8ACE1-ED02-4772-9794-B97183A2E619} = {2FB88DA0-DF06-49A2-8316-4C1A3CEC348D}
		{63CE3288-3293-4248-89E7-4884074501C7} = {2BF63537-B878-43FD-9C1B-A54D494C9E00}
		{DF443EA8-5D30-4B4C-A324-DCD3465E9BDC} = {2BF63537-B878-43FD-9C1B-A54D494C9E00}
		{1290F3A4-6BA9-476A-88FC-085B8AF66E33} = {2FB88DA0-DF06-49A2-8316-4C1A3CEC348D}
		{9C3F4923-6228-4581-9E57-30D783530D97} = {2FB88DA0-DF06-49A2-8316-4C1A3CEC348D}
		{60A7E7AE-4930-4269-BD24-2D866A478772} = {2BF63537-B878-43FD-9C1B-A54D494C9E00}
		{F2A3F113-1963-48CB-B30E-757C87B77EFA} = {2BF63537-B878-43FD-9C1B-A54D494C9E00}
		{5B0D2DB3-20FD-4A01-83B8-82FA2BF918EF} = {2BF63537-B878-43FD-9C1B-A54D494C9E00}
		{F86F4EF6-08E9-4B28-ADD1-78B81C5ED0FA} = {2BF63537-B878-43FD-9C1B-A54D494C9E00}
	EndGlobalSection
EndGlobal
